// !$*UTF8*$!
{
	archiveVersion = 1;
	classes = {
	};
	objectVersion = 50;
	objects = {

/* Begin PBXBuildFile section */
		48EC274F27E3862F007B5190 /* AppDelegate.swift in Sources */ = {isa = PBXBuildFile; fileRef = 48EC274E27E3862F007B5190 /* AppDelegate.swift */; };
		48EC275127E3862F007B5190 /* SceneDelegate.swift in Sources */ = {isa = PBXBuildFile; fileRef = 48EC275027E3862F007B5190 /* SceneDelegate.swift */; };
		48EC275327E3862F007B5190 /* ViewController.swift in Sources */ = {isa = PBXBuildFile; fileRef = 48EC275227E3862F007B5190 /* ViewController.swift */; };
		48EC275627E3862F007B5190 /* Main.storyboard in Resources */ = {isa = PBXBuildFile; fileRef = 48EC275427E3862F007B5190 /* Main.storyboard */; };
		48EC275827E38630007B5190 /* Assets.xcassets in Resources */ = {isa = PBXBuildFile; fileRef = 48EC275727E38630007B5190 /* Assets.xcassets */; };
		48EC275B27E38630007B5190 /* LaunchScreen.storyboard in Resources */ = {isa = PBXBuildFile; fileRef = 48EC275927E38630007B5190 /* LaunchScreen.storyboard */; };
		48EE4E4C27EB711000238721 /* ClimaManager.swift in Sources */ = {isa = PBXBuildFile; fileRef = 48EE4E4B27EB711000238721 /* ClimaManager.swift */; };
/* End PBXBuildFile section */

/* Begin PBXFileReference section */
		48EC274B27E3862F007B5190 /* APIClima.app */ = {isa = PBXFileReference; explicitFileType = wrapper.application; includeInIndex = 0; path = APIClima.app; sourceTree = BUILT_PRODUCTS_DIR; };
		48EC274E27E3862F007B5190 /* AppDelegate.swift */ = {isa = PBXFileReference; lastKnownFileType = sourcecode.swift; path = AppDelegate.swift; sourceTree = "<group>"; };
		48EC275027E3862F007B5190 /* SceneDelegate.swift */ = {isa = PBXFileReference; lastKnownFileType = sourcecode.swift; path = SceneDelegate.swift; sourceTree = "<group>"; };
		48EC275227E3862F007B5190 /* ViewController.swift */ = {isa = PBXFileReference; lastKnownFileType = sourcecode.swift; path = ViewController.swift; sourceTree = "<group>"; };
		48EC275527E3862F007B5190 /* Base */ = {isa = PBXFileReference; lastKnownFileType = file.storyboard; name = Base; path = Base.lproj/Main.storyboard; sourceTree = "<group>"; };
		48EC275727E38630007B5190 /* Assets.xcassets */ = {isa = PBXFileReference; lastKnownFileType = folder.assetcatalog; path = Assets.xcassets; sourceTree = "<group>"; };
		48EC275A27E38630007B5190 /* Base */ = {isa = PBXFileReference; lastKnownFileType = file.storyboard; name = Base; path = Base.lproj/LaunchScreen.storyboard; sourceTree = "<group>"; };
		48EC275C27E38630007B5190 /* Info.plist */ = {isa = PBXFileReference; lastKnownFileType = text.plist.xml; path = Info.plist; sourceTree = "<group>"; };
		48EE4E4B27EB711000238721 /* ClimaManager.swift */ = {isa = PBXFileReference; lastKnownFileType = sourcecode.swift; path = ClimaManager.swift; sourceTree = "<group>"; };
/* End PBXFileReference section */

/* Begin PBXFrameworksBuildPhase section */
		48EC274827E3862F007B5190 /* Frameworks */ = {
			isa = PBXFrameworksBuildPhase;
			buildActionMask = 2147483647;
			files = (
			);
			runOnlyForDeploymentPostprocessing = 0;
		};
/* End PBXFrameworksBuildPhase section */

/* Begin PBXGroup section */
		48EC274227E3862F007B5190 = {
			isa = PBXGroup;
			children = (
				48EC274D27E3862F007B5190 /* APIClima */,
				48EC274C27E3862F007B5190 /* Products */,
			);
			sourceTree = "<group>";
		};
		48EC274C27E3862F007B5190 /* Products */ = {
			isa = PBXGroup;
			children = (
				48EC274B27E3862F007B5190 /* APIClima.app */,
			);
			name = Products;
			sourceTree = "<group>";
		};
		48EC274D27E3862F007B5190 /* APIClima */ = {
			isa = PBXGroup;
			children = (
				48EC274E27E3862F007B5190 /* AppDelegate.swift */,
				48EC275027E3862F007B5190 /* SceneDelegate.swift */,
				48EC275227E3862F007B5190 /* ViewController.swift */,
				48EC275427E3862F007B5190 /* Main.storyboard */,
				48EC275727E38630007B5190 /* Assets.xcassets */,
				48EC275927E38630007B5190 /* LaunchScreen.storyboard */,
				48EC275C27E38630007B5190 /* Info.plist */,
				48EE4E4B27EB711000238721 /* ClimaManager.swift */,
			);
			path = APIClima;
			sourceTree = "<group>";
		};
/* End PBXGroup section */

/* Begin PBXNativeTarget section */
		48EC274A27E3862F007B5190 /* APIClima */ = {
			isa = PBXNativeTarget;
			buildConfigurationList = 48EC275F27E38630007B5190 /* Build configuration list for PBXNativeTarget "APIClima" */;
			buildPhases = (
				48EC274727E3862F007B5190 /* Sources */,
				48EC274827E3862F007B5190 /* Frameworks */,
				48EC274927E3862F007B5190 /* Resources */,
			);
			buildRules = (
			);
			dependencies = (
			);
			name = APIClima;
			productName = APIClima;
			productReference = 48EC274B27E3862F007B5190 /* APIClima.app */;
			productType = "com.apple.product-type.application";
		};
/* End PBXNativeTarget section */

/* Begin PBXProject section */
		48EC274327E3862F007B5190 /* Project object */ = {
			isa = PBXProject;
			attributes = {
				LastSwiftUpdateCheck = 1210;
				LastUpgradeCheck = 1210;
				TargetAttributes = {
					48EC274A27E3862F007B5190 = {
						CreatedOnToolsVersion = 12.1;
					};
				};
			};
			buildConfigurationList = 48EC274627E3862F007B5190 /* Build configuration list for PBXProject "APIClima" */;
			compatibilityVersion = "Xcode 9.3";
			developmentRegion = en;
			hasScannedForEncodings = 0;
			knownRegions = (
				en,
				Base,
			);
			mainGroup = 48EC274227E3862F007B5190;
			productRefGroup = 48EC274C27E3862F007B5190 /* Products */;
			projectDirPath = "";
			projectRoot = "";
			targets = (
				48EC274A27E3862F007B5190 /* APIClima */,
			);
		};
/* End PBXProject section */

/* Begin PBXResourcesBuildPhase section */
		48EC274927E3862F007B5190 /* Resources */ = {
			isa = PBXResourcesBuildPhase;
			buildActionMask = 2147483647;
			files = (
				48EC275B27E38630007B5190 /* LaunchScreen.storyboard in Resources */,
				48EC275827E38630007B5190 /* Assets.xcassets in Resources */,
				48EC275627E3862F007B5190 /* Main.storyboard in Resources */,
			);
			runOnlyForDeploymentPostprocessing = 0;
		};
/* End PBXResourcesBuildPhase section */

/* Begin PBXSourcesBuildPhase section */
		48EC274727E3862F007B5190 /* Sources */ = {
			isa = PBXSourcesBuildPhase;
			buildActionMask = 2147483647;
			files = (
				48EC275327E3862F007B5190 /* ViewController.swift in Sources */,
				48EC274F27E3862F007B5190 /* AppDelegate.swift in Sources */,
				48EE4E4C27EB711000238721 /* ClimaManager.swift in Sources */,
				48EC275127E3862F007B5190 /* SceneDelegate.swift in Sources */,
			);
			runOnlyForDeploymentPostprocessing = 0;
		};
/* End PBXSourcesBuildPhase section */

/* Begin PBXVariantGroup section */
		48EC275427E3862F007B5190 /* Main.storyboard */ = {
			isa = PBXVariantGroup;
			children = (
				48EC275527E3862F007B5190 /* Base */,
			);
			name = Main.storyboard;
			sourceTree = "<group>";
		};
		48EC275927E38630007B5190 /* LaunchScreen.storyboard */ = {
			isa = PBXVariantGroup;
			children = (
				48EC275A27E38630007B5190 /* Base */,
			);
			name = LaunchScreen.storyboard;
			sourceTree = "<group>";
		};
/* End PBXVariantGroup section */

/* Begin XCBuildConfiguration section */
		48EC275D27E38630007B5190 /* Debug */ = {
			isa = XCBuildConfiguration;
			buildSettings = {
				ALWAYS_SEARCH_USER_PATHS = NO;
				CLANG_ANALYZER_NONNULL = YES;
				CLANG_ANALYZER_NUMBER_OBJECT_CONVERSION = YES_AGGRESSIVE;
				CLANG_CXX_LANGUAGE_STANDARD = "gnu++14";
				CLANG_CXX_LIBRARY = "libc++";
				CLANG_ENABLE_MODULES = YES;
				CLANG_ENABLE_OBJC_ARC = YES;
				CLANG_ENABLE_OBJC_WEAK = YES;
				CLANG_WARN_BLOCK_CAPTURE_AUTORELEASING = YES;
				CLANG_WARN_BOOL_CONVERSION = YES;
				CLANG_WARN_COMMA = YES;
				CLANG_WARN_CONSTANT_CONVERSION = YES;
				CLANG_WARN_DEPRECATED_OBJC_IMPLEMENTATIONS = YES;
				CLANG_WARN_DIRECT_OBJC_ISA_USAGE = YES_ERROR;
				CLANG_WARN_DOCUMENTATION_COMMENTS = YES;
				CLANG_WARN_EMPTY_BODY = YES;
				CLANG_WARN_ENUM_CONVERSION = YES;
				CLANG_WARN_INFINITE_RECURSION = YES;
				CLANG_WARN_INT_CONVERSION = YES;
				CLANG_WARN_NON_LITERAL_NULL_CONVERSION = YES;
				CLANG_WARN_OBJC_IMPLICIT_RETAIN_SELF = YES;
				CLANG_WARN_OBJC_LITERAL_CONVERSION = YES;
				CLANG_WARN_OBJC_ROOT_CLASS = YES_ERROR;
				CLANG_WARN_QUOTED_INCLUDE_IN_FRAMEWORK_HEADER = YES;
				CLANG_WARN_RANGE_LOOP_ANALYSIS = YES;
				CLANG_WARN_STRICT_PROTOTYPES = YES;
				CLANG_WARN_SUSPICIOUS_MOVE = YES;
				CLANG_WARN_UNGUARDED_AVAILABILITY = YES_AGGRESSIVE;
				CLANG_WARN_UNREACHABLE_CODE = YES;
				CLANG_WARN__DUPLICATE_METHOD_MATCH = YES;
				COPY_PHASE_STRIP = NO;
				DEBUG_INFORMATION_FORMAT = dwarf;
				ENABLE_STRICT_OBJC_MSGSEND = YES;
				ENABLE_TESTABILITY = YES;
				GCC_C_LANGUAGE_STANDARD = gnu11;
				GCC_DYNAMIC_NO_PIC = NO;
				GCC_NO_COMMON_BLOCKS = YES;
				GCC_OPTIMIZATION_LEVEL = 0;
				GCC_PREPROCESSOR_DEFINITIONS = (
					"DEBUG=1",
					"$(inherited)",
				);
				GCC_WARN_64_TO_32_BIT_CONVERSION = YES;
				GCC_WARN_ABOUT_RETURN_TYPE = YES_ERROR;
				GCC_WARN_UNDECLARED_SELECTOR = YES;
				GCC_WARN_UNINITIALIZED_AUTOS = YES_AGGRESSIVE;
				GCC_WARN_UNUSED_FUNCTION = YES;
				GCC_WARN_UNUSED_VARIABLE = YES;
				IPHONEOS_DEPLOYMENT_TARGET = 14.1;
				MTL_ENABLE_DEBUG_INFO = INCLUDE_SOURCE;
				MTL_FAST_MATH = YES;
				ONLY_ACTIVE_ARCH = YES;
				SDKROOT = iphoneos;
				SWIFT_ACTIVE_COMPILATION_CONDITIONS = DEBUG;
				SWIFT_OPTIMIZATION_LEVEL = "-Onone";
			};
			name = Debug;
		};
		48EC275E27E38630007B5190 /* Release */ = {
			isa = XCBuildConfiguration;
			buildSettings = {
				ALWAYS_SEARCH_USER_PATHS = NO;
				CLANG_ANALYZER_NONNULL = YES;
				CLANG_ANALYZER_NUMBER_OBJECT_CONVERSION = YES_AGGRESSIVE;
				CLANG_CXX_LANGUAGE_STANDARD = "gnu++14";
				CLANG_CXX_LIBRARY = "libc++";
				CLANG_ENABLE_MODULES = YES;
				CLANG_ENABLE_OBJC_ARC = YES;
				CLANG_ENABLE_OBJC_WEAK = YES;
				CLANG_WARN_BLOCK_CAPTURE_AUTORELEASING = YES;
				CLANG_WARN_BOOL_CONVERSION = YES;
				CLANG_WARN_COMMA = YES;
				CLANG_WARN_CONSTANT_CONVERSION = YES;
				CLANG_WARN_DEPRECATED_OBJC_IMPLEMENTATIONS = YES;
				CLANG_WARN_DIRECT_OBJC_ISA_USAGE = YES_ERROR;
				CLANG_WARN_DOCUMENTATION_COMMENTS = YES;
				CLANG_WARN_EMPTY_BODY = YES;
				CLANG_WARN_ENUM_CONVERSION = YES;
				CLANG_WARN_INFINITE_RECURSION = YES;
				CLANG_WARN_INT_CONVERSION = YES;
				CLANG_WARN_NON_LITERAL_NULL_CONVERSION = YES;
				CLANG_WARN_OBJC_IMPLICIT_RETAIN_SELF = YES;
				CLANG_WARN_OBJC_LITERAL_CONVERSION = YES;
				CLANG_WARN_OBJC_ROOT_CLASS = YES_ERROR;
				CLANG_WARN_QUOTED_INCLUDE_IN_FRAMEWORK_HEADER = YES;
				CLANG_WARN_RANGE_LOOP_ANALYSIS = YES;
				CLANG_WARN_STRICT_PROTOTYPES = YES;
				CLANG_WARN_SUSPICIOUS_MOVE = YES;
				CLANG_WARN_UNGUARDED_AVAILABILITY = YES_AGGRESSIVE;
				CLANG_WARN_UNREACHABLE_CODE = YES;
				CLANG_WARN__DUPLICATE_METHOD_MATCH = YES;
				COPY_PHASE_STRIP = NO;
				DEBUG_INFORMATION_FORMAT = "dwarf-with-dsym";
				ENABLE_NS_ASSERTIONS = NO;
				ENABLE_STRICT_OBJC_MSGSEND = YES;
				GCC_C_LANGUAGE_STANDARD = gnu11;
				GCC_NO_COMMON_BLOCKS = YES;
				GCC_WARN_64_TO_32_BIT_CONVERSION = YES;
				GCC_WARN_ABOUT_RETURN_TYPE = YES_ERROR;
				GCC_WARN_UNDECLARED_SELECTOR = YES;
				GCC_WARN_UNINITIALIZED_AUTOS = YES_AGGRESSIVE;
				GCC_WARN_UNUSED_FUNCTION = YES;
				GCC_WARN_UNUSED_VARIABLE = YES;
				IPHONEOS_DEPLOYMENT_TARGET = 14.1;
				MTL_ENABLE_DEBUG_INFO = NO;
				MTL_FAST_MATH = YES;
				SDKROOT = iphoneos;
				SWIFT_COMPILATION_MODE = wholemodule;
				SWIFT_OPTIMIZATION_LEVEL = "-O";
				VALIDATE_PRODUCT = YES;
			};
			name = Release;
		};
		48EC276027E38630007B5190 /* Debug */ = {
			isa = XCBuildConfiguration;
			buildSettings = {
				ASSETCATALOG_COMPILER_APPICON_NAME = AppIcon;
				ASSETCATALOG_COMPILER_GLOBAL_ACCENT_COLOR_NAME = AccentColor;
				CODE_SIGN_STYLE = Automatic;
				INFOPLIST_FILE = APIClima/Info.plist;
				LD_RUNPATH_SEARCH_PATHS = (
					"$(inherited)",
					"@executable_path/Frameworks",
				);
				PRODUCT_BUNDLE_IDENTIFIER = com.itMorelia.mx.APIClima;
				PRODUCT_NAME = "$(TARGET_NAME)";
				SWIFT_VERSION = 5.0;
				TARGETED_DEVICE_FAMILY = "1,2";
			};
			name = Debug;
		};
		48EC276127E38630007B5190 /* Release */ = {
			isa = XCBuildConfiguration;
			buildSettings = {
				ASSETCATALOG_COMPILER_APPICON_NAME = AppIcon;
				ASSETCATALOG_COMPILER_GLOBAL_ACCENT_COLOR_NAME = AccentColor;
				CODE_SIGN_STYLE = Automatic;
				INFOPLIST_FILE = APIClima/Info.plist;
				LD_RUNPATH_SEARCH_PATHS = (
					"$(inherited)",
					"@executable_path/Frameworks",
				);
				PRODUCT_BUNDLE_IDENTIFIER = com.itMorelia.mx.APIClima;
				PRODUCT_NAME = "$(TARGET_NAME)";
				SWIFT_VERSION = 5.0;
				TARGETED_DEVICE_FAMILY = "1,2";
			};
			name = Release;
		};
/* End XCBuildConfiguration section */

/* Begin XCConfigurationList section */
		48EC274627E3862F007B5190 /* Build configuration list for PBXProject "APIClima" */ = {
			isa = XCConfigurationList;
			buildConfigurations = (
				48EC275D27E38630007B5190 /* Debug */,
				48EC275E27E38630007B5190 /* Release */,
			);
			defaultConfigurationIsVisible = 0;
			defaultConfigurationName = Release;
		};
		48EC275F27E38630007B5190 /* Build configuration list for PBXNativeTarget "APIClima" */ = {
			isa = XCConfigurationList;
			buildConfigurations = (
				48EC276027E38630007B5190 /* Debug */,
				48EC276127E38630007B5190 /* Release */,
			);
			defaultConfigurationIsVisible = 0;
			defaultConfigurationName = Release;
		};
/* End XCConfigurationList section */
	};
	rootObject = 48EC274327E3862F007B5190 /* Project object */;
}
